// !$*UTF8*$!
{
	archiveVersion = 1;
	classes = {
	};
	objectVersion = 46;
	objects = {

/* Begin PBXBuildFile section */
		41DCF9971A38CF5500B28C66 /* icon2512x512.jpg in Resources */ = {isa = PBXBuildFile; fileRef = 41DCF9961A38CF5500B28C66 /* icon2512x512.jpg */; };
		41E4C8351A2FB5A400BAA417 /* main.m in Sources */ = {isa = PBXBuildFile; fileRef = 41E4C8341A2FB5A400BAA417 /* main.m */; };
		41E4C8381A2FB5A400BAA417 /* AppDelegate.m in Sources */ = {isa = PBXBuildFile; fileRef = 41E4C8371A2FB5A400BAA417 /* AppDelegate.m */; };
		41E4C83B1A2FB5A400BAA417 /* ViewController.m in Sources */ = {isa = PBXBuildFile; fileRef = 41E4C83A1A2FB5A400BAA417 /* ViewController.m */; };
		41E4C83E1A2FB5A400BAA417 /* Main.storyboard in Resources */ = {isa = PBXBuildFile; fileRef = 41E4C83C1A2FB5A400BAA417 /* Main.storyboard */; };
		41E4C8401A2FB5A400BAA417 /* Images.xcassets in Resources */ = {isa = PBXBuildFile; fileRef = 41E4C83F1A2FB5A400BAA417 /* Images.xcassets */; };
		41E4C8431A2FB5A400BAA417 /* LaunchScreen.xib in Resources */ = {isa = PBXBuildFile; fileRef = 41E4C8411A2FB5A400BAA417 /* LaunchScreen.xib */; };
		41E4C84F1A2FB5A400BAA417 /* BookShareTests.m in Sources */ = {isa = PBXBuildFile; fileRef = 41E4C84E1A2FB5A400BAA417 /* BookShareTests.m */; };
		41E4C86A1A326FD300BAA417 /* Bolts.framework in Frameworks */ = {isa = PBXBuildFile; fileRef = 41E4C8681A326FD300BAA417 /* Bolts.framework */; };
		41E4C86B1A326FD300BAA417 /* Parse.framework in Frameworks */ = {isa = PBXBuildFile; fileRef = 41E4C8691A326FD300BAA417 /* Parse.framework */; };
		41E4C86D1A326FF400BAA417 /* AudioToolbox.framework in Frameworks */ = {isa = PBXBuildFile; fileRef = 41E4C86C1A326FF400BAA417 /* AudioToolbox.framework */; };
		41E4C86F1A32700000BAA417 /* CFNetwork.framework in Frameworks */ = {isa = PBXBuildFile; fileRef = 41E4C86E1A32700000BAA417 /* CFNetwork.framework */; };
		41E4C8711A32700C00BAA417 /* CoreGraphics.framework in Frameworks */ = {isa = PBXBuildFile; fileRef = 41E4C8701A32700C00BAA417 /* CoreGraphics.framework */; };
		41E4C8731A32701800BAA417 /* CoreLocation.framework in Frameworks */ = {isa = PBXBuildFile; fileRef = 41E4C8721A32701800BAA417 /* CoreLocation.framework */; };
		41E4C8751A32703000BAA417 /* libz.dylib in Frameworks */ = {isa = PBXBuildFile; fileRef = 41E4C8741A32703000BAA417 /* libz.dylib */; };
		41E4C8771A32703800BAA417 /* MobileCoreServices.framework in Frameworks */ = {isa = PBXBuildFile; fileRef = 41E4C8761A32703800BAA417 /* MobileCoreServices.framework */; };
		41E4C8791A32704300BAA417 /* QuartzCore.framework in Frameworks */ = {isa = PBXBuildFile; fileRef = 41E4C8781A32704300BAA417 /* QuartzCore.framework */; };
		41E4C87B1A32704C00BAA417 /* Security.framework in Frameworks */ = {isa = PBXBuildFile; fileRef = 41E4C87A1A32704C00BAA417 /* Security.framework */; };
		41E4C87D1A32705600BAA417 /* StoreKit.framework in Frameworks */ = {isa = PBXBuildFile; fileRef = 41E4C87C1A32705600BAA417 /* StoreKit.framework */; };
		41E4C87F1A32706200BAA417 /* SystemConfiguration.framework in Frameworks */ = {isa = PBXBuildFile; fileRef = 41E4C87E1A32706200BAA417 /* SystemConfiguration.framework */; };
		41E4C8851A32B26D00BAA417 /* ProfileViewController.m in Sources */ = {isa = PBXBuildFile; fileRef = 41E4C8841A32B26D00BAA417 /* ProfileViewController.m */; };
		41E4C8881A32B6A100BAA417 /* StartScreenViewController.m in Sources */ = {isa = PBXBuildFile; fileRef = 41E4C8871A32B6A100BAA417 /* StartScreenViewController.m */; };
		41E4C88B1A32B70D00BAA417 /* LoginViewController.m in Sources */ = {isa = PBXBuildFile; fileRef = 41E4C88A1A32B70D00BAA417 /* LoginViewController.m */; };
		41E4C88E1A36203300BAA417 /* MapKit.framework in Frameworks */ = {isa = PBXBuildFile; fileRef = 41E4C88D1A36203300BAA417 /* MapKit.framework */; };
		41E4C8911A368C7900BAA417 /* UIKit.framework in Frameworks */ = {isa = PBXBuildFile; fileRef = 41E4C88F1A366A2600BAA417 /* UIKit.framework */; };
		41E4C8941A37842700BAA417 /* MapViewController.m in Sources */ = {isa = PBXBuildFile; fileRef = 41E4C8931A37842700BAA417 /* MapViewController.m */; };
		41E4C8971A37942300BAA417 /* Annotation.m in Sources */ = {isa = PBXBuildFile; fileRef = 41E4C8961A37942300BAA417 /* Annotation.m */; };
/* End PBXBuildFile section */

/* Begin PBXContainerItemProxy section */
		41E4C8491A2FB5A400BAA417 /* PBXContainerItemProxy */ = {
			isa = PBXContainerItemProxy;
			containerPortal = 41E4C8271A2FB5A400BAA417 /* Project object */;
			proxyType = 1;
			remoteGlobalIDString = 41E4C82E1A2FB5A400BAA417;
			remoteInfo = BookShare;
		};
/* End PBXContainerItemProxy section */

/* Begin PBXFileReference section */
		41DCF9961A38CF5500B28C66 /* icon2512x512.jpg */ = {isa = PBXFileReference; lastKnownFileType = image.jpeg; path = icon2512x512.jpg; sourceTree = "<group>"; };
		41E4C82F1A2FB5A400BAA417 /* BookShare.app */ = {isa = PBXFileReference; explicitFileType = wrapper.application; includeInIndex = 0; path = BookShare.app; sourceTree = BUILT_PRODUCTS_DIR; };
		41E4C8331A2FB5A400BAA417 /* Info.plist */ = {isa = PBXFileReference; lastKnownFileType = text.plist.xml; path = Info.plist; sourceTree = "<group>"; };
		41E4C8341A2FB5A400BAA417 /* main.m */ = {isa = PBXFileReference; lastKnownFileType = sourcecode.c.objc; path = main.m; sourceTree = "<group>"; };
		41E4C8361A2FB5A400BAA417 /* AppDelegate.h */ = {isa = PBXFileReference; lastKnownFileType = sourcecode.c.h; path = AppDelegate.h; sourceTree = "<group>"; };
		41E4C8371A2FB5A400BAA417 /* AppDelegate.m */ = {isa = PBXFileReference; lastKnownFileType = sourcecode.c.objc; path = AppDelegate.m; sourceTree = "<group>"; };
		41E4C8391A2FB5A400BAA417 /* ViewController.h */ = {isa = PBXFileReference; lastKnownFileType = sourcecode.c.h; path = ViewController.h; sourceTree = "<group>"; };
		41E4C83A1A2FB5A400BAA417 /* ViewController.m */ = {isa = PBXFileReference; lastKnownFileType = sourcecode.c.objc; path = ViewController.m; sourceTree = "<group>"; };
		41E4C83D1A2FB5A400BAA417 /* Base */ = {isa = PBXFileReference; lastKnownFileType = file.storyboard; name = Base; path = Base.lproj/Main.storyboard; sourceTree = "<group>"; };
		41E4C83F1A2FB5A400BAA417 /* Images.xcassets */ = {isa = PBXFileReference; lastKnownFileType = folder.assetcatalog; path = Images.xcassets; sourceTree = "<group>"; };
		41E4C8421A2FB5A400BAA417 /* Base */ = {isa = PBXFileReference; lastKnownFileType = file.xib; name = Base; path = Base.lproj/LaunchScreen.xib; sourceTree = "<group>"; };
		41E4C8481A2FB5A400BAA417 /* BookShareTests.xctest */ = {isa = PBXFileReference; explicitFileType = wrapper.cfbundle; includeInIndex = 0; path = BookShareTests.xctest; sourceTree = BUILT_PRODUCTS_DIR; };
		41E4C84D1A2FB5A400BAA417 /* Info.plist */ = {isa = PBXFileReference; lastKnownFileType = text.plist.xml; path = Info.plist; sourceTree = "<group>"; };
		41E4C84E1A2FB5A400BAA417 /* BookShareTests.m */ = {isa = PBXFileReference; lastKnownFileType = sourcecode.c.objc; path = BookShareTests.m; sourceTree = "<group>"; };
		41E4C8681A326FD300BAA417 /* Bolts.framework */ = {isa = PBXFileReference; lastKnownFileType = wrapper.framework; path = Bolts.framework; sourceTree = "<group>"; };
		41E4C8691A326FD300BAA417 /* Parse.framework */ = {isa = PBXFileReference; lastKnownFileType = wrapper.framework; path = Parse.framework; sourceTree = "<group>"; };
		41E4C86C1A326FF400BAA417 /* AudioToolbox.framework */ = {isa = PBXFileReference; lastKnownFileType = wrapper.framework; name = AudioToolbox.framework; path = System/Library/Frameworks/AudioToolbox.framework; sourceTree = SDKROOT; };
		41E4C86E1A32700000BAA417 /* CFNetwork.framework */ = {isa = PBXFileReference; lastKnownFileType = wrapper.framework; name = CFNetwork.framework; path = System/Library/Frameworks/CFNetwork.framework; sourceTree = SDKROOT; };
		41E4C8701A32700C00BAA417 /* CoreGraphics.framework */ = {isa = PBXFileReference; lastKnownFileType = wrapper.framework; name = CoreGraphics.framework; path = System/Library/Frameworks/CoreGraphics.framework; sourceTree = SDKROOT; };
		41E4C8721A32701800BAA417 /* CoreLocation.framework */ = {isa = PBXFileReference; lastKnownFileType = wrapper.framework; name = CoreLocation.framework; path = System/Library/Frameworks/CoreLocation.framework; sourceTree = SDKROOT; };
		41E4C8741A32703000BAA417 /* libz.dylib */ = {isa = PBXFileReference; lastKnownFileType = "compiled.mach-o.dylib"; name = libz.dylib; path = usr/lib/libz.dylib; sourceTree = SDKROOT; };
		41E4C8761A32703800BAA417 /* MobileCoreServices.framework */ = {isa = PBXFileReference; lastKnownFileType = wrapper.framework; name = MobileCoreServices.framework; path = System/Library/Frameworks/MobileCoreServices.framework; sourceTree = SDKROOT; };
		41E4C8781A32704300BAA417 /* QuartzCore.framework */ = {isa = PBXFileReference; lastKnownFileType = wrapper.framework; name = QuartzCore.framework; path = System/Library/Frameworks/QuartzCore.framework; sourceTree = SDKROOT; };
		41E4C87A1A32704C00BAA417 /* Security.framework */ = {isa = PBXFileReference; lastKnownFileType = wrapper.framework; name = Security.framework; path = System/Library/Frameworks/Security.framework; sourceTree = SDKROOT; };
		41E4C87C1A32705600BAA417 /* StoreKit.framework */ = {isa = PBXFileReference; lastKnownFileType = wrapper.framework; name = StoreKit.framework; path = System/Library/Frameworks/StoreKit.framework; sourceTree = SDKROOT; };
		41E4C87E1A32706200BAA417 /* SystemConfiguration.framework */ = {isa = PBXFileReference; lastKnownFileType = wrapper.framework; name = SystemConfiguration.framework; path = System/Library/Frameworks/SystemConfiguration.framework; sourceTree = SDKROOT; };
		41E4C8831A32B26D00BAA417 /* ProfileViewController.h */ = {isa = PBXFileReference; fileEncoding = 4; lastKnownFileType = sourcecode.c.h; path = ProfileViewController.h; sourceTree = "<group>"; };
		41E4C8841A32B26D00BAA417 /* ProfileViewController.m */ = {isa = PBXFileReference; fileEncoding = 4; lastKnownFileType = sourcecode.c.objc; path = ProfileViewController.m; sourceTree = "<group>"; };
		41E4C8861A32B6A100BAA417 /* StartScreenViewController.h */ = {isa = PBXFileReference; fileEncoding = 4; lastKnownFileType = sourcecode.c.h; path = StartScreenViewController.h; sourceTree = "<group>"; };
		41E4C8871A32B6A100BAA417 /* StartScreenViewController.m */ = {isa = PBXFileReference; fileEncoding = 4; lastKnownFileType = sourcecode.c.objc; path = StartScreenViewController.m; sourceTree = "<group>"; };
		41E4C8891A32B70D00BAA417 /* LoginViewController.h */ = {isa = PBXFileReference; fileEncoding = 4; lastKnownFileType = sourcecode.c.h; path = LoginViewController.h; sourceTree = "<group>"; };
		41E4C88A1A32B70D00BAA417 /* LoginViewController.m */ = {isa = PBXFileReference; fileEncoding = 4; lastKnownFileType = sourcecode.c.objc; path = LoginViewController.m; sourceTree = "<group>"; };
		41E4C88D1A36203300BAA417 /* MapKit.framework */ = {isa = PBXFileReference; lastKnownFileType = wrapper.framework; name = MapKit.framework; path = System/Library/Frameworks/MapKit.framework; sourceTree = SDKROOT; };
		41E4C88F1A366A2600BAA417 /* UIKit.framework */ = {isa = PBXFileReference; lastKnownFileType = wrapper.framework; name = UIKit.framework; path = System/Library/Frameworks/UIKit.framework; sourceTree = SDKROOT; };
		41E4C8921A37842700BAA417 /* MapViewController.h */ = {isa = PBXFileReference; fileEncoding = 4; lastKnownFileType = sourcecode.c.h; path = MapViewController.h; sourceTree = "<group>"; };
		41E4C8931A37842700BAA417 /* MapViewController.m */ = {isa = PBXFileReference; fileEncoding = 4; lastKnownFileType = sourcecode.c.objc; path = MapViewController.m; sourceTree = "<group>"; };
		41E4C8951A37942300BAA417 /* Annotation.h */ = {isa = PBXFileReference; fileEncoding = 4; lastKnownFileType = sourcecode.c.h; name = Annotation.h; path = ../Annotation.h; sourceTree = "<group>"; };
		41E4C8961A37942300BAA417 /* Annotation.m */ = {isa = PBXFileReference; fileEncoding = 4; lastKnownFileType = sourcecode.c.objc; name = Annotation.m; path = ../Annotation.m; sourceTree = "<group>"; };
/* End PBXFileReference section */

/* Begin PBXFrameworksBuildPhase section */
		41E4C82C1A2FB5A400BAA417 /* Frameworks */ = {
			isa = PBXFrameworksBuildPhase;
			buildActionMask = 2147483647;
			files = (
				41E4C8911A368C7900BAA417 /* UIKit.framework in Frameworks */,
				41E4C88E1A36203300BAA417 /* MapKit.framework in Frameworks */,
				41E4C87F1A32706200BAA417 /* SystemConfiguration.framework in Frameworks */,
				41E4C87D1A32705600BAA417 /* StoreKit.framework in Frameworks */,
				41E4C87B1A32704C00BAA417 /* Security.framework in Frameworks */,
				41E4C8791A32704300BAA417 /* QuartzCore.framework in Frameworks */,
				41E4C8771A32703800BAA417 /* MobileCoreServices.framework in Frameworks */,
				41E4C8751A32703000BAA417 /* libz.dylib in Frameworks */,
				41E4C8731A32701800BAA417 /* CoreLocation.framework in Frameworks */,
				41E4C8711A32700C00BAA417 /* CoreGraphics.framework in Frameworks */,
				41E4C86F1A32700000BAA417 /* CFNetwork.framework in Frameworks */,
				41E4C86D1A326FF400BAA417 /* AudioToolbox.framework in Frameworks */,
				41E4C86B1A326FD300BAA417 /* Parse.framework in Frameworks */,
				41E4C86A1A326FD300BAA417 /* Bolts.framework in Frameworks */,
			);
			runOnlyForDeploymentPostprocessing = 0;
		};
		41E4C8451A2FB5A400BAA417 /* Frameworks */ = {
			isa = PBXFrameworksBuildPhase;
			buildActionMask = 2147483647;
			files = (
			);
			runOnlyForDeploymentPostprocessing = 0;
		};
/* End PBXFrameworksBuildPhase section */

/* Begin PBXGroup section */
		41DCF9981A38CF6500B28C66 /* Images */ = {
			isa = PBXGroup;
			children = (
				41DCF9961A38CF5500B28C66 /* icon2512x512.jpg */,
			);
			name = Images;
			sourceTree = "<group>";
		};
		41E4C8261A2FB5A400BAA417 = {
			isa = PBXGroup;
			children = (
				41E4C8311A2FB5A400BAA417 /* BookShare */,
				41E4C84B1A2FB5A400BAA417 /* BookShareTests */,
				41E4C8301A2FB5A400BAA417 /* Products */,
			);
			sourceTree = "<group>";
		};
		41E4C8301A2FB5A400BAA417 /* Products */ = {
			isa = PBXGroup;
			children = (
				41E4C82F1A2FB5A400BAA417 /* BookShare.app */,
				41E4C8481A2FB5A400BAA417 /* BookShareTests.xctest */,
			);
			name = Products;
			sourceTree = "<group>";
		};
		41E4C8311A2FB5A400BAA417 /* BookShare */ = {
			isa = PBXGroup;
			children = (
				41DCF9981A38CF6500B28C66 /* Images */,
				41E4C88C1A354DCA00BAA417 /* Frameworks */,
				41E4C8361A2FB5A400BAA417 /* AppDelegate.h */,
				41E4C8371A2FB5A400BAA417 /* AppDelegate.m */,
				41E4C8391A2FB5A400BAA417 /* ViewController.h */,
				41E4C83A1A2FB5A400BAA417 /* ViewController.m */,
				41E4C8831A32B26D00BAA417 /* ProfileViewController.h */,
				41E4C8841A32B26D00BAA417 /* ProfileViewController.m */,
				41E4C83C1A2FB5A400BAA417 /* Main.storyboard */,
				41E4C8921A37842700BAA417 /* MapViewController.h */,
				41E4C8931A37842700BAA417 /* MapViewController.m */,
				41E4C8891A32B70D00BAA417 /* LoginViewController.h */,
				41E4C88A1A32B70D00BAA417 /* LoginViewController.m */,
				41E4C8861A32B6A100BAA417 /* StartScreenViewController.h */,
				41E4C8871A32B6A100BAA417 /* StartScreenViewController.m */,
				41E4C83F1A2FB5A400BAA417 /* Images.xcassets */,
				41E4C8411A2FB5A400BAA417 /* LaunchScreen.xib */,
				41E4C8321A2FB5A400BAA417 /* Supporting Files */,
			);
			path = BookShare;
			sourceTree = "<group>";
		};
		41E4C8321A2FB5A400BAA417 /* Supporting Files */ = {
			isa = PBXGroup;
			children = (
				41E4C8951A37942300BAA417 /* Annotation.h */,
				41E4C8961A37942300BAA417 /* Annotation.m */,
				41E4C8331A2FB5A400BAA417 /* Info.plist */,
				41E4C8341A2FB5A400BAA417 /* main.m */,
			);
			name = "Supporting Files";
			sourceTree = "<group>";
		};
		41E4C84B1A2FB5A400BAA417 /* BookShareTests */ = {
			isa = PBXGroup;
			children = (
				41E4C84E1A2FB5A400BAA417 /* BookShareTests.m */,
				41E4C84C1A2FB5A400BAA417 /* Supporting Files */,
			);
			path = BookShareTests;
			sourceTree = "<group>";
		};
		41E4C84C1A2FB5A400BAA417 /* Supporting Files */ = {
			isa = PBXGroup;
			children = (
				41E4C84D1A2FB5A400BAA417 /* Info.plist */,
			);
			name = "Supporting Files";
			sourceTree = "<group>";
		};
		41E4C88C1A354DCA00BAA417 /* Frameworks */ = {
			isa = PBXGroup;
			children = (
				41E4C88F1A366A2600BAA417 /* UIKit.framework */,
				41E4C88D1A36203300BAA417 /* MapKit.framework */,
				41E4C87A1A32704C00BAA417 /* Security.framework */,
				41E4C8781A32704300BAA417 /* QuartzCore.framework */,
				41E4C8761A32703800BAA417 /* MobileCoreServices.framework */,
				41E4C8741A32703000BAA417 /* libz.dylib */,
				41E4C8721A32701800BAA417 /* CoreLocation.framework */,
				41E4C8701A32700C00BAA417 /* CoreGraphics.framework */,
				41E4C86E1A32700000BAA417 /* CFNetwork.framework */,
				41E4C86C1A326FF400BAA417 /* AudioToolbox.framework */,
				41E4C8681A326FD300BAA417 /* Bolts.framework */,
				41E4C8691A326FD300BAA417 /* Parse.framework */,
				41E4C87C1A32705600BAA417 /* StoreKit.framework */,
				41E4C87E1A32706200BAA417 /* SystemConfiguration.framework */,
			);
			name = Frameworks;
			path = ..;
			sourceTree = "<group>";
		};
/* End PBXGroup section */

/* Begin PBXNativeTarget section */
		41E4C82E1A2FB5A400BAA417 /* BookShare */ = {
			isa = PBXNativeTarget;
			buildConfigurationList = 41E4C8521A2FB5A400BAA417 /* Build configuration list for PBXNativeTarget "BookShare" */;
			buildPhases = (
				41E4C82B1A2FB5A400BAA417 /* Sources */,
				41E4C82C1A2FB5A400BAA417 /* Frameworks */,
				41E4C82D1A2FB5A400BAA417 /* Resources */,
			);
			buildRules = (
			);
			dependencies = (
			);
			name = BookShare;
			productName = BookShare;
			productReference = 41E4C82F1A2FB5A400BAA417 /* BookShare.app */;
			productType = "com.apple.product-type.application";
		};
		41E4C8471A2FB5A400BAA417 /* BookShareTests */ = {
			isa = PBXNativeTarget;
			buildConfigurationList = 41E4C8551A2FB5A400BAA417 /* Build configuration list for PBXNativeTarget "BookShareTests" */;
			buildPhases = (
				41E4C8441A2FB5A400BAA417 /* Sources */,
				41E4C8451A2FB5A400BAA417 /* Frameworks */,
				41E4C8461A2FB5A400BAA417 /* Resources */,
			);
			buildRules = (
			);
			dependencies = (
				41E4C84A1A2FB5A400BAA417 /* PBXTargetDependency */,
			);
			name = BookShareTests;
			productName = BookShareTests;
			productReference = 41E4C8481A2FB5A400BAA417 /* BookShareTests.xctest */;
			productType = "com.apple.product-type.bundle.unit-test";
		};
/* End PBXNativeTarget section */

/* Begin PBXProject section */
		41E4C8271A2FB5A400BAA417 /* Project object */ = {
			isa = PBXProject;
			attributes = {
				LastUpgradeCheck = 0610;
				ORGANIZATIONNAME = "U of M";
				TargetAttributes = {
					41E4C82E1A2FB5A400BAA417 = {
						CreatedOnToolsVersion = 6.1;
					};
					41E4C8471A2FB5A400BAA417 = {
						CreatedOnToolsVersion = 6.1;
						TestTargetID = 41E4C82E1A2FB5A400BAA417;
					};
				};
			};
			buildConfigurationList = 41E4C82A1A2FB5A400BAA417 /* Build configuration list for PBXProject "BookShare" */;
			compatibilityVersion = "Xcode 3.2";
			developmentRegion = English;
			hasScannedForEncodings = 0;
			knownRegions = (
				en,
				Base,
			);
			mainGroup = 41E4C8261A2FB5A400BAA417;
			productRefGroup = 41E4C8301A2FB5A400BAA417 /* Products */;
			projectDirPath = "";
			projectRoot = "";
			targets = (
				41E4C82E1A2FB5A400BAA417 /* BookShare */,
				41E4C8471A2FB5A400BAA417 /* BookShareTests */,
			);
		};
/* End PBXProject section */

/* Begin PBXResourcesBuildPhase section */
		41E4C82D1A2FB5A400BAA417 /* Resources */ = {
			isa = PBXResourcesBuildPhase;
			buildActionMask = 2147483647;
			files = (
				41E4C83E1A2FB5A400BAA417 /* Main.storyboard in Resources */,
				41E4C8431A2FB5A400BAA417 /* LaunchScreen.xib in Resources */,
				41DCF9971A38CF5500B28C66 /* icon2512x512.jpg in Resources */,
				41E4C8401A2FB5A400BAA417 /* Images.xcassets in Resources */,
			);
			runOnlyForDeploymentPostprocessing = 0;
		};
		41E4C8461A2FB5A400BAA417 /* Resources */ = {
			isa = PBXResourcesBuildPhase;
			buildActionMask = 2147483647;
			files = (
			);
			runOnlyForDeploymentPostprocessing = 0;
		};
/* End PBXResourcesBuildPhase section */

/* Begin PBXSourcesBuildPhase section */
		41E4C82B1A2FB5A400BAA417 /* Sources */ = {
			isa = PBXSourcesBuildPhase;
			buildActionMask = 2147483647;
			files = (
				41E4C83B1A2FB5A400BAA417 /* ViewController.m in Sources */,
				41E4C8381A2FB5A400BAA417 /* AppDelegate.m in Sources */,
				41E4C8971A37942300BAA417 /* Annotation.m in Sources */,
				41E4C88B1A32B70D00BAA417 /* LoginViewController.m in Sources */,
				41E4C8851A32B26D00BAA417 /* ProfileViewController.m in Sources */,
				41E4C8351A2FB5A400BAA417 /* main.m in Sources */,
				41E4C8881A32B6A100BAA417 /* StartScreenViewController.m in Sources */,
				41E4C8941A37842700BAA417 /* MapViewController.m in Sources */,
			);
			runOnlyForDeploymentPostprocessing = 0;
		};
		41E4C8441A2FB5A400BAA417 /* Sources */ = {
			isa = PBXSourcesBuildPhase;
			buildActionMask = 2147483647;
			files = (
				41E4C84F1A2FB5A400BAA417 /* BookShareTests.m in Sources */,
			);
			runOnlyForDeploymentPostprocessing = 0;
		};
/* End PBXSourcesBuildPhase section */

/* Begin PBXTargetDependency section */
		41E4C84A1A2FB5A400BAA417 /* PBXTargetDependency */ = {
			isa = PBXTargetDependency;
			target = 41E4C82E1A2FB5A400BAA417 /* BookShare */;
			targetProxy = 41E4C8491A2FB5A400BAA417 /* PBXContainerItemProxy */;
		};
/* End PBXTargetDependency section */

/* Begin PBXVariantGroup section */
		41E4C83C1A2FB5A400BAA417 /* Main.storyboard */ = {
			isa = PBXVariantGroup;
			children = (
				41E4C83D1A2FB5A400BAA417 /* Base */,
			);
			name = Main.storyboard;
			sourceTree = "<group>";
		};
		41E4C8411A2FB5A400BAA417 /* LaunchScreen.xib */ = {
			isa = PBXVariantGroup;
			children = (
				41E4C8421A2FB5A400BAA417 /* Base */,
			);
			name = LaunchScreen.xib;
			sourceTree = "<group>";
		};
/* End PBXVariantGroup section */

/* Begin XCBuildConfiguration section */
		41E4C8501A2FB5A400BAA417 /* Debug */ = {
			isa = XCBuildConfiguration;
			buildSettings = {
				ALWAYS_SEARCH_USER_PATHS = NO;
				CLANG_CXX_LANGUAGE_STANDARD = "gnu++0x";
				CLANG_CXX_LIBRARY = "libc++";
				CLANG_ENABLE_MODULES = YES;
				CLANG_ENABLE_OBJC_ARC = YES;
				CLANG_WARN_BOOL_CONVERSION = YES;
				CLANG_WARN_CONSTANT_CONVERSION = YES;
				CLANG_WARN_DIRECT_OBJC_ISA_USAGE = YES_ERROR;
				CLANG_WARN_EMPTY_BODY = YES;
				CLANG_WARN_ENUM_CONVERSION = YES;
				CLANG_WARN_INT_CONVERSION = YES;
				CLANG_WARN_OBJC_ROOT_CLASS = YES_ERROR;
				CLANG_WARN_UNREACHABLE_CODE = YES;
				CLANG_WARN__DUPLICATE_METHOD_MATCH = YES;
				"CODE_SIGN_IDENTITY[sdk=iphoneos*]" = "iPhone Developer";
				COPY_PHASE_STRIP = NO;
				ENABLE_STRICT_OBJC_MSGSEND = YES;
				GCC_C_LANGUAGE_STANDARD = gnu99;
				GCC_DYNAMIC_NO_PIC = NO;
				GCC_OPTIMIZATION_LEVEL = 0;
				GCC_PREPROCESSOR_DEFINITIONS = (
					"DEBUG=1",
					"$(inherited)",
				);
				GCC_SYMBOLS_PRIVATE_EXTERN = NO;
				GCC_WARN_64_TO_32_BIT_CONVERSION = YES;
				GCC_WARN_ABOUT_RETURN_TYPE = YES_ERROR;
				GCC_WARN_UNDECLARED_SELECTOR = YES;
				GCC_WARN_UNINITIALIZED_AUTOS = YES_AGGRESSIVE;
				GCC_WARN_UNUSED_FUNCTION = YES;
				GCC_WARN_UNUSED_VARIABLE = YES;
				IPHONEOS_DEPLOYMENT_TARGET = 8.1;
				MTL_ENABLE_DEBUG_INFO = YES;
				ONLY_ACTIVE_ARCH = YES;
				SDKROOT = iphoneos;
				TARGETED_DEVICE_FAMILY = "1,2";
			};
			name = Debug;
		};
		41E4C8511A2FB5A400BAA417 /* Release */ = {
			isa = XCBuildConfiguration;
			buildSettings = {
				ALWAYS_SEARCH_USER_PATHS = NO;
				CLANG_CXX_LANGUAGE_STANDARD = "gnu++0x";
				CLANG_CXX_LIBRARY = "libc++";
				CLANG_ENABLE_MODULES = YES;
				CLANG_ENABLE_OBJC_ARC = YES;
				CLANG_WARN_BOOL_CONVERSION = YES;
				CLANG_WARN_CONSTANT_CONVERSION = YES;
				CLANG_WARN_DIRECT_OBJC_ISA_USAGE = YES_ERROR;
				CLANG_WARN_EMPTY_BODY = YES;
				CLANG_WARN_ENUM_CONVERSION = YES;
				CLANG_WARN_INT_CONVERSION = YES;
				CLANG_WARN_OBJC_ROOT_CLASS = YES_ERROR;
				CLANG_WARN_UNREACHABLE_CODE = YES;
				CLANG_WARN__DUPLICATE_METHOD_MATCH = YES;
				"CODE_SIGN_IDENTITY[sdk=iphoneos*]" = "iPhone Developer";
				COPY_PHASE_STRIP = YES;
				ENABLE_NS_ASSERTIONS = NO;
				ENABLE_STRICT_OBJC_MSGSEND = YES;
				GCC_C_LANGUAGE_STANDARD = gnu99;
				GCC_WARN_64_TO_32_BIT_CONVERSION = YES;
				GCC_WARN_ABOUT_RETURN_TYPE = YES_ERROR;
				GCC_WARN_UNDECLARED_SELECTOR = YES;
				GCC_WARN_UNINITIALIZED_AUTOS = YES_AGGRESSIVE;
				GCC_WARN_UNUSED_FUNCTION = YES;
				GCC_WARN_UNUSED_VARIABLE = YES;
				IPHONEOS_DEPLOYMENT_TARGET = 8.1;
				MTL_ENABLE_DEBUG_INFO = NO;
				SDKROOT = iphoneos;
				TARGETED_DEVICE_FAMILY = "1,2";
				VALIDATE_PRODUCT = YES;
			};
			name = Release;
		};
		41E4C8531A2FB5A400BAA417 /* Debug */ = {
			isa = XCBuildConfiguration;
			buildSettings = {
				ASSETCATALOG_COMPILER_APPICON_NAME = AppIcon;
				FRAMEWORK_SEARCH_PATHS = (
					"$(inherited)",
					"$(PROJECT_DIR)",
					"/Users/cindypurdham/Downloads/parse-library-1",
				);
				INFOPLIST_FILE = BookShare/Info.plist;
				LD_RUNPATH_SEARCH_PATHS = "$(inherited) @executable_path/Frameworks";
				OTHER_LDFLAGS = "-ObjC";
				PRODUCT_NAME = "$(TARGET_NAME)";
			};
			name = Debug;
		};
		41E4C8541A2FB5A400BAA417 /* Release */ = {
			isa = XCBuildConfiguration;
			buildSettings = {
				ASSETCATALOG_COMPILER_APPICON_NAME = AppIcon;
				FRAMEWORK_SEARCH_PATHS = (
					"$(inherited)",
					"$(PROJECT_DIR)",
					"/Users/cindypurdham/Downloads/parse-library-1",
				);
				INFOPLIST_FILE = BookShare/Info.plist;
				LD_RUNPATH_SEARCH_PATHS = "$(inherited) @executable_path/Frameworks";
				OTHER_LDFLAGS = "-ObjC";
				PRODUCT_NAME = "$(TARGET_NAME)";
			};
			name = Release;
		};
		41E4C8561A2FB5A400BAA417 /* Debug */ = {
			isa = XCBuildConfiguration;
			buildSettings = {
				BUNDLE_LOADER = "$(TEST_HOST)";
				FRAMEWORK_SEARCH_PATHS = (
					"$(SDKROOT)/Developer/Library/Frameworks",
					"$(inherited)",
				);
				GCC_PREPROCESSOR_DEFINITIONS = (
					"DEBUG=1",
					"$(inherited)",
				);
				INFOPLIST_FILE = BookShareTests/Info.plist;
				LD_RUNPATH_SEARCH_PATHS = "$(inherited) @executable_path/Frameworks @loader_path/Frameworks";
				PRODUCT_NAME = "$(TARGET_NAME)";
				TEST_HOST = "$(BUILT_PRODUCTS_DIR)/BookShare.app/BookShare";
			};
			name = Debug;
		};
		41E4C8571A2FB5A400BAA417 /* Release */ = {
			isa = XCBuildConfiguration;
			buildSettings = {
				BUNDLE_LOADER = "$(TEST_HOST)";
				FRAMEWORK_SEARCH_PATHS = (
					"$(SDKROOT)/Developer/Library/Frameworks",
					"$(inherited)",
				);
				INFOPLIST_FILE = BookShareTests/Info.plist;
				LD_RUNPATH_SEARCH_PATHS = "$(inherited) @executable_path/Frameworks @loader_path/Frameworks";
				PRODUCT_NAME = "$(TARGET_NAME)";
				TEST_HOST = "$(BUILT_PRODUCTS_DIR)/BookShare.app/BookShare";
			};
			name = Release;
		};
/* End XCBuildConfiguration section */

/* Begin XCConfigurationList section */
		41E4C82A1A2FB5A400BAA417 /* Build configuration list for PBXProject "BookShare" */ = {
			isa = XCConfigurationList;
			buildConfigurations = (
				41E4C8501A2FB5A400BAA417 /* Debug */,
				41E4C8511A2FB5A400BAA417 /* Release */,
			);
			defaultConfigurationIsVisible = 0;
			defaultConfigurationName = Release;
		};
		41E4C8521A2FB5A400BAA417 /* Build configuration list for PBXNativeTarget "BookShare" */ = {
			isa = XCConfigurationList;
			buildConfigurations = (
				41E4C8531A2FB5A400BAA417 /* Debug */,
				41E4C8541A2FB5A400BAA417 /* Release */,
			);
			defaultConfigurationIsVisible = 0;
			defaultConfigurationName = Release;
		};
		41E4C8551A2FB5A400BAA417 /* Build configuration list for PBXNativeTarget "BookShareTests" */ = {
			isa = XCConfigurationList;
			buildConfigurations = (
				41E4C8561A2FB5A400BAA417 /* Debug */,
				41E4C8571A2FB5A400BAA417 /* Release */,
			);
			defaultConfigurationIsVisible = 0;
			defaultConfigurationName = Release;
		};
/* End XCConfigurationList section */
	};
	rootObject = 41E4C8271A2FB5A400BAA417 /* Project object */;
}
